
Microsoft Visual Studio Solution File, Format Version 12.00
# Visual Studio Version 17
VisualStudioVersion = 17.7.34031.279
MinimumVisualStudioVersion = 10.0.40219.1
Project("{FAE04EC0-301F-11D3-BF4B-00C04F79EFBC}") = "Lab01Anikina_A", "Lab01Anikina_A\Lab01Anikina_A.csproj", "{C771B532-220A-4408-91B0-4ECD2C72FAD7}"
EndProject
Global
	GlobalSection(SolutionConfigurationPlatforms) = preSolution
		Debug|Any CPU = Debug|Any CPU
		Release|Any CPU = Release|Any CPU
	EndGlobalSection
	GlobalSection(ProjectConfigurationPlatforms) = postSolution
		{C771B532-220A-4408-91B0-4ECD2C72FAD7}.Debug|Any CPU.ActiveCfg = Debug|Any CPU
		{C771B532-220A-4408-91B0-4ECD2C72FAD7}.Debug|Any CPU.Build.0 = Debug|Any CPU
		{C771B532-220A-4408-91B0-4ECD2C72FAD7}.Release|Any CPU.ActiveCfg = Release|Any CPU
		{C771B532-220A-4408-91B0-4ECD2C72FAD7}.Release|Any CPU.Build.0 = Release|Any CPU
	EndGlobalSection
	GlobalSection(SolutionProperties) = preSolution
		HideSolutionNode = FALSE
	EndGlobalSection
	GlobalSection(ExtensibilityGlobals) = postSolution
		SolutionGuid = {11ECD2BD-292B-4B7C-8E5D-3923B6AA4143}
	EndGlobalSection
EndGlobal
